
Microsoft Visual Studio Solution File, Format Version 12.00
# Visual Studio Version 17
VisualStudioVersion = 17.5.33516.290
MinimumVisualStudioVersion = 10.0.40219.1
Project("{FAE04EC0-301F-11D3-BF4B-00C04F79EFBC}") = "CustomerUserModel", "CustomerUserModel\CustomerUserModel.csproj", "{FF042638-DEFF-408F-B702-E91BF5A6CBD6}"
EndProject
Global
	GlobalSection(SolutionConfigurationPlatforms) = preSolution
		Debug|Any CPU = Debug|Any CPU
		Release|Any CPU = Release|Any CPU
	EndGlobalSection
	GlobalSection(ProjectConfigurationPlatforms) = postSolution
		{FF042638-DEFF-408F-B702-E91BF5A6CBD6}.Debug|Any CPU.ActiveCfg = Debug|Any CPU
		{FF042638-DEFF-408F-B702-E91BF5A6CBD6}.Debug|Any CPU.Build.0 = Debug|Any CPU
		{FF042638-DEFF-408F-B702-E91BF5A6CBD6}.Release|Any CPU.ActiveCfg = Release|Any CPU
		{FF042638-DEFF-408F-B702-E91BF5A6CBD6}.Release|Any CPU.Build.0 = Release|Any CPU
	EndGlobalSection
	GlobalSection(SolutionProperties) = preSolution
		HideSolutionNode = FALSE
	EndGlobalSection
	GlobalSection(ExtensibilityGlobals) = postSolution
		SolutionGuid = {929FFB8C-FE1C-4940-AA32-1EDAA7FFEB32}
	EndGlobalSection
EndGlobal
